
Microsoft Visual Studio Solution File, Format Version 12.00
# Visual Studio 15
VisualStudioVersion = 15.0.28307.421
MinimumVisualStudioVersion = 10.0.40219.1
Project("{FAE04EC0-301F-11D3-BF4B-00C04F79EFBC}") = "MuseumGuide", "MuseumGuideProject\MuseumGuide.csproj", "{B2FB87F5-E002-48CD-B87C-C0E05DE21A1E}"
EndProject
Project("{FAE04EC0-301F-11D3-BF4B-00C04F79EFBC}") = "MuseumGuide.BO", "MuseumGuide.BO\MuseumGuide.BO.csproj", "{F57A2CFC-BE3C-4AF9-82F4-E92C695A1830}"
EndProject
Project("{FAE04EC0-301F-11D3-BF4B-00C04F79EFBC}") = "MuseumGuide.BLL", "MuseumGuide.BLL\MuseumGuide.BLL.csproj", "{54F0D9AC-7F77-4F98-8247-85DF8EF23E65}"
EndProject
Project("{FAE04EC0-301F-11D3-BF4B-00C04F79EFBC}") = "MuseumGuide.DAL", "MuseumGuide.DAL\MuseumGuide.DAL.csproj", "{DD0F5715-8EA9-4BAA-A4B1-431CBC8382E1}"
EndProject
Global
	GlobalSection(SolutionConfigurationPlatforms) = preSolution
		Debug|Any CPU = Debug|Any CPU
		Release|Any CPU = Release|Any CPU
	EndGlobalSection
	GlobalSection(ProjectConfigurationPlatforms) = postSolution
		{B2FB87F5-E002-48CD-B87C-C0E05DE21A1E}.Debug|Any CPU.ActiveCfg = Debug|Any CPU
		{B2FB87F5-E002-48CD-B87C-C0E05DE21A1E}.Debug|Any CPU.Build.0 = Debug|Any CPU
		{B2FB87F5-E002-48CD-B87C-C0E05DE21A1E}.Release|Any CPU.ActiveCfg = Release|Any CPU
		{B2FB87F5-E002-48CD-B87C-C0E05DE21A1E}.Release|Any CPU.Build.0 = Release|Any CPU
		{F57A2CFC-BE3C-4AF9-82F4-E92C695A1830}.Debug|Any CPU.ActiveCfg = Debug|Any CPU
		{F57A2CFC-BE3C-4AF9-82F4-E92C695A1830}.Debug|Any CPU.Build.0 = Debug|Any CPU
		{F57A2CFC-BE3C-4AF9-82F4-E92C695A1830}.Release|Any CPU.ActiveCfg = Release|Any CPU
		{F57A2CFC-BE3C-4AF9-82F4-E92C695A1830}.Release|Any CPU.Build.0 = Release|Any CPU
		{54F0D9AC-7F77-4F98-8247-85DF8EF23E65}.Debug|Any CPU.ActiveCfg = Debug|Any CPU
		{54F0D9AC-7F77-4F98-8247-85DF8EF23E65}.Debug|Any CPU.Build.0 = Debug|Any CPU
		{54F0D9AC-7F77-4F98-8247-85DF8EF23E65}.Release|Any CPU.ActiveCfg = Release|Any CPU
		{54F0D9AC-7F77-4F98-8247-85DF8EF23E65}.Release|Any CPU.Build.0 = Release|Any CPU
		{DD0F5715-8EA9-4BAA-A4B1-431CBC8382E1}.Debug|Any CPU.ActiveCfg = Debug|Any CPU
		{DD0F5715-8EA9-4BAA-A4B1-431CBC8382E1}.Debug|Any CPU.Build.0 = Debug|Any CPU
		{DD0F5715-8EA9-4BAA-A4B1-431CBC8382E1}.Release|Any CPU.ActiveCfg = Release|Any CPU
		{DD0F5715-8EA9-4BAA-A4B1-431CBC8382E1}.Release|Any CPU.Build.0 = Release|Any CPU
	EndGlobalSection
	GlobalSection(SolutionProperties) = preSolution
		HideSolutionNode = FALSE
	EndGlobalSection
	GlobalSection(ExtensibilityGlobals) = postSolution
		SolutionGuid = {8770625D-CC35-4CFA-BB6D-9EF4903223A0}
	EndGlobalSection
EndGlobal
